// !$*UTF8*$!
{
	archiveVersion = 1;
	classes = {
	};
	objectVersion = 46;
	objects = {

/* Begin PBXBuildFile section */
		B2A9376B1E975C9800F91C69 /* main.m in Sources */ = {isa = PBXBuildFile; fileRef = B2A9376A1E975C9800F91C69 /* main.m */; };
		B2A9376E1E975C9800F91C69 /* AppDelegate.m in Sources */ = {isa = PBXBuildFile; fileRef = B2A9376D1E975C9800F91C69 /* AppDelegate.m */; };
		B2A937711E975C9800F91C69 /* ViewController.m in Sources */ = {isa = PBXBuildFile; fileRef = B2A937701E975C9800F91C69 /* ViewController.m */; };
		B2A937741E975C9800F91C69 /* Main.storyboard in Resources */ = {isa = PBXBuildFile; fileRef = B2A937721E975C9800F91C69 /* Main.storyboard */; };
		B2A937761E975C9800F91C69 /* Assets.xcassets in Resources */ = {isa = PBXBuildFile; fileRef = B2A937751E975C9800F91C69 /* Assets.xcassets */; };
		B2A937791E975C9800F91C69 /* LaunchScreen.storyboard in Resources */ = {isa = PBXBuildFile; fileRef = B2A937771E975C9800F91C69 /* LaunchScreen.storyboard */; };
		B2A937871E975E8600F91C69 /* NSObject+swizz.m in Sources */ = {isa = PBXBuildFile; fileRef = B2A937861E975E8600F91C69 /* NSObject+swizz.m */; };
/* End PBXBuildFile section */

/* Begin PBXFileReference section */
		B2A937661E975C9800F91C69 /* NSObject-runtime.app */ = {isa = PBXFileReference; explicitFileType = wrapper.application; includeInIndex = 0; path = "NSObject-runtime.app"; sourceTree = BUILT_PRODUCTS_DIR; };
		B2A9376A1E975C9800F91C69 /* main.m */ = {isa = PBXFileReference; lastKnownFileType = sourcecode.c.objc; path = main.m; sourceTree = "<group>"; };
		B2A9376C1E975C9800F91C69 /* AppDelegate.h */ = {isa = PBXFileReference; lastKnownFileType = sourcecode.c.h; path = AppDelegate.h; sourceTree = "<group>"; };
		B2A9376D1E975C9800F91C69 /* AppDelegate.m */ = {isa = PBXFileReference; lastKnownFileType = sourcecode.c.objc; path = AppDelegate.m; sourceTree = "<group>"; };
		B2A9376F1E975C9800F91C69 /* ViewController.h */ = {isa = PBXFileReference; lastKnownFileType = sourcecode.c.h; path = ViewController.h; sourceTree = "<group>"; };
		B2A937701E975C9800F91C69 /* ViewController.m */ = {isa = PBXFileReference; lastKnownFileType = sourcecode.c.objc; path = ViewController.m; sourceTree = "<group>"; };
		B2A937731E975C9800F91C69 /* Base */ = {isa = PBXFileReference; lastKnownFileType = file.storyboard; name = Base; path = Base.lproj/Main.storyboard; sourceTree = "<group>"; };
		B2A937751E975C9800F91C69 /* Assets.xcassets */ = {isa = PBXFileReference; lastKnownFileType = folder.assetcatalog; path = Assets.xcassets; sourceTree = "<group>"; };
		B2A937781E975C9800F91C69 /* Base */ = {isa = PBXFileReference; lastKnownFileType = file.storyboard; name = Base; path = Base.lproj/LaunchScreen.storyboard; sourceTree = "<group>"; };
		B2A9377A1E975C9800F91C69 /* Info.plist */ = {isa = PBXFileReference; lastKnownFileType = text.plist.xml; path = Info.plist; sourceTree = "<group>"; };
		B2A937851E975E8600F91C69 /* NSObject+swizz.h */ = {isa = PBXFileReference; fileEncoding = 4; lastKnownFileType = sourcecode.c.h; path = "NSObject+swizz.h"; sourceTree = "<group>"; };
		B2A937861E975E8600F91C69 /* NSObject+swizz.m */ = {isa = PBXFileReference; fileEncoding = 4; lastKnownFileType = sourcecode.c.objc; path = "NSObject+swizz.m"; sourceTree = "<group>"; };
/* End PBXFileReference section */

/* Begin PBXFrameworksBuildPhase section */
		B2A937631E975C9800F91C69 /* Frameworks */ = {
			isa = PBXFrameworksBuildPhase;
			buildActionMask = 2147483647;
			files = (
			);
			runOnlyForDeploymentPostprocessing = 0;
		};
/* End PBXFrameworksBuildPhase section */

/* Begin PBXGroup section */
		B2A9375D1E975C9800F91C69 = {
			isa = PBXGroup;
			children = (
				B2A937681E975C9800F91C69 /* NSObject-runtime */,
				B2A937671E975C9800F91C69 /* Products */,
			);
			sourceTree = "<group>";
		};
		B2A937671E975C9800F91C69 /* Products */ = {
			isa = PBXGroup;
			children = (
				B2A937661E975C9800F91C69 /* NSObject-runtime.app */,
			);
			name = Products;
			sourceTree = "<group>";
		};
		B2A937681E975C9800F91C69 /* NSObject-runtime */ = {
			isa = PBXGroup;
			children = (
				B2A9376C1E975C9800F91C69 /* AppDelegate.h */,
				B2A9376D1E975C9800F91C69 /* AppDelegate.m */,
				B2A9376F1E975C9800F91C69 /* ViewController.h */,
				B2A937701E975C9800F91C69 /* ViewController.m */,
				B2A937721E975C9800F91C69 /* Main.storyboard */,
				B2A937751E975C9800F91C69 /* Assets.xcassets */,
				B2A937771E975C9800F91C69 /* LaunchScreen.storyboard */,
				B2A9377A1E975C9800F91C69 /* Info.plist */,
				B2A937811E975CD600F91C69 /* NSObject-extension */,
				B2A937691E975C9800F91C69 /* Supporting Files */,
			);
			path = "NSObject-runtime";
			sourceTree = "<group>";
		};
		B2A937691E975C9800F91C69 /* Supporting Files */ = {
			isa = PBXGroup;
			children = (
				B2A9376A1E975C9800F91C69 /* main.m */,
			);
			name = "Supporting Files";
			sourceTree = "<group>";
		};
		B2A937811E975CD600F91C69 /* NSObject-extension */ = {
			isa = PBXGroup;
			children = (
				B2A937851E975E8600F91C69 /* NSObject+swizz.h */,
				B2A937861E975E8600F91C69 /* NSObject+swizz.m */,
			);
			path = "NSObject-extension";
			sourceTree = "<group>";
		};
/* End PBXGroup section */

/* Begin PBXNativeTarget section */
		B2A937651E975C9800F91C69 /* NSObject-runtime */ = {
			isa = PBXNativeTarget;
			buildConfigurationList = B2A9377D1E975C9800F91C69 /* Build configuration list for PBXNativeTarget "NSObject-runtime" */;
			buildPhases = (
				B2A937621E975C9800F91C69 /* Sources */,
				B2A937631E975C9800F91C69 /* Frameworks */,
				B2A937641E975C9800F91C69 /* Resources */,
			);
			buildRules = (
			);
			dependencies = (
			);
			name = "NSObject-runtime";
			productName = "NSObject-runtime";
			productReference = B2A937661E975C9800F91C69 /* NSObject-runtime.app */;
			productType = "com.apple.product-type.application";
		};
/* End PBXNativeTarget section */

/* Begin PBXProject section */
		B2A9375E1E975C9800F91C69 /* Project object */ = {
			isa = PBXProject;
			attributes = {
				LastUpgradeCheck = 0830;
				ORGANIZATIONNAME = "Jacky Lee";
				TargetAttributes = {
					B2A937651E975C9800F91C69 = {
						CreatedOnToolsVersion = 8.3;
						DevelopmentTeam = PJ5G3VL845;
						ProvisioningStyle = Automatic;
					};
				};
			};
			buildConfigurationList = B2A937611E975C9800F91C69 /* Build configuration list for PBXProject "NSObject-runtime" */;
			compatibilityVersion = "Xcode 3.2";
			developmentRegion = English;
			hasScannedForEncodings = 0;
			knownRegions = (
				en,
				Base,
			);
			mainGroup = B2A9375D1E975C9800F91C69;
			productRefGroup = B2A937671E975C9800F91C69 /* Products */;
			projectDirPath = "";
			projectRoot = "";
			targets = (
				B2A937651E975C9800F91C69 /* NSObject-runtime */,
			);
		};
/* End PBXProject section */

/* Begin PBXResourcesBuildPhase section */
		B2A937641E975C9800F91C69 /* Resources */ = {
			isa = PBXResourcesBuildPhase;
			buildActionMask = 2147483647;
			files = (
				B2A937791E975C9800F91C69 /* LaunchScreen.storyboard in Resources */,
				B2A937761E975C9800F91C69 /* Assets.xcassets in Resources */,
				B2A937741E975C9800F91C69 /* Main.storyboard in Resources */,
			);
			runOnlyForDeploymentPostprocessing = 0;
		};
/* End PBXResourcesBuildPhase section */

/* Begin PBXSourcesBuildPhase section */
		B2A937621E975C9800F91C69 /* Sources */ = {
			isa = PBXSourcesBuildPhase;
			buildActionMask = 2147483647;
			files = (
				B2A937871E975E8600F91C69 /* NSObject+swizz.m in Sources */,
				B2A937711E975C9800F91C69 /* ViewController.m in Sources */,
				B2A9376E1E975C9800F91C69 /* AppDelegate.m in Sources */,
				B2A9376B1E975C9800F91C69 /* main.m in Sources */,
			);
			runOnlyForDeploymentPostprocessing = 0;
		};
/* End PBXSourcesBuildPhase section */

/* Begin PBXVariantGroup section */
		B2A937721E975C9800F91C69 /* Main.storyboard */ = {
			isa = PBXVariantGroup;
			children = (
				B2A937731E975C9800F91C69 /* Base */,
			);
			name = Main.storyboard;
			sourceTree = "<group>";
		};
		B2A937771E975C9800F91C69 /* LaunchScreen.storyboard */ = {
			isa = PBXVariantGroup;
			children = (
				B2A937781E975C9800F91C69 /* Base */,
			);
			name = LaunchScreen.storyboard;
			sourceTree = "<group>";
		};
/* End PBXVariantGroup section */

/* Begin XCBuildConfiguration section */
		B2A9377B1E975C9800F91C69 /* Debug */ = {
			isa = XCBuildConfiguration;
			buildSettings = {
				ALWAYS_SEARCH_USER_PATHS = NO;
				CLANG_ANALYZER_NONNULL = YES;
				CLANG_ANALYZER_NUMBER_OBJECT_CONVERSION = YES_AGGRESSIVE;
				CLANG_CXX_LANGUAGE_STANDARD = "gnu++0x";
				CLANG_CXX_LIBRARY = "libc++";
				CLANG_ENABLE_MODULES = YES;
				CLANG_ENABLE_OBJC_ARC = YES;
				CLANG_WARN_BOOL_CONVERSION = YES;
				CLANG_WARN_CONSTANT_CONVERSION = YES;
				CLANG_WARN_DIRECT_OBJC_ISA_USAGE = YES_ERROR;
				CLANG_WARN_DOCUMENTATION_COMMENTS = YES;
				CLANG_WARN_EMPTY_BODY = YES;
				CLANG_WARN_ENUM_CONVERSION = YES;
				CLANG_WARN_INFINITE_RECURSION = YES;
				CLANG_WARN_INT_CONVERSION = YES;
				CLANG_WARN_OBJC_ROOT_CLASS = YES_ERROR;
				CLANG_WARN_SUSPICIOUS_MOVE = YES;
				CLANG_WARN_UNREACHABLE_CODE = YES;
				CLANG_WARN__DUPLICATE_METHOD_MATCH = YES;
				"CODE_SIGN_IDENTITY[sdk=iphoneos*]" = "iPhone Developer";
				COPY_PHASE_STRIP = NO;
				DEBUG_INFORMATION_FORMAT = dwarf;
				ENABLE_STRICT_OBJC_MSGSEND = YES;
				ENABLE_TESTABILITY = YES;
				GCC_C_LANGUAGE_STANDARD = gnu99;
				GCC_DYNAMIC_NO_PIC = NO;
				GCC_NO_COMMON_BLOCKS = YES;
				GCC_OPTIMIZATION_LEVEL = 0;
				GCC_PREPROCESSOR_DEFINITIONS = (
					"DEBUG=1",
					"$(inherited)",
				);
				GCC_WARN_64_TO_32_BIT_CONVERSION = YES;
				GCC_WARN_ABOUT_RETURN_TYPE = YES_ERROR;
				GCC_WARN_UNDECLARED_SELECTOR = YES;
				GCC_WARN_UNINITIALIZED_AUTOS = YES_AGGRESSIVE;
				GCC_WARN_UNUSED_FUNCTION = YES;
				GCC_WARN_UNUSED_VARIABLE = YES;
				IPHONEOS_DEPLOYMENT_TARGET = 10.3;
				MTL_ENABLE_DEBUG_INFO = YES;
				ONLY_ACTIVE_ARCH = YES;
				SDKROOT = iphoneos;
				TARGETED_DEVICE_FAMILY = "1,2";
			};
			name = Debug;
		};
		B2A9377C1E975C9800F91C69 /* Release */ = {
			isa = XCBuildConfiguration;
			buildSettings = {
				ALWAYS_SEARCH_USER_PATHS = NO;
				CLANG_ANALYZER_NONNULL = YES;
				CLANG_ANALYZER_NUMBER_OBJECT_CONVERSION = YES_AGGRESSIVE;
				CLANG_CXX_LANGUAGE_STANDARD = "gnu++0x";
				CLANG_CXX_LIBRARY = "libc++";
				CLANG_ENABLE_MODULES = YES;
				CLANG_ENABLE_OBJC_ARC = YES;
				CLANG_WARN_BOOL_CONVERSION = YES;
				CLANG_WARN_CONSTANT_CONVERSION = YES;
				CLANG_WARN_DIRECT_OBJC_ISA_USAGE = YES_ERROR;
				CLANG_WARN_DOCUMENTATION_COMMENTS = YES;
				CLANG_WARN_EMPTY_BODY = YES;
				CLANG_WARN_ENUM_CONVERSION = YES;
				CLANG_WARN_INFINITE_RECURSION = YES;
				CLANG_WARN_INT_CONVERSION = YES;
				CLANG_WARN_OBJC_ROOT_CLASS = YES_ERROR;
				CLANG_WARN_SUSPICIOUS_MOVE = YES;
				CLANG_WARN_UNREACHABLE_CODE = YES;
				CLANG_WARN__DUPLICATE_METHOD_MATCH = YES;
				"CODE_SIGN_IDENTITY[sdk=iphoneos*]" = "iPhone Developer";
				COPY_PHASE_STRIP = NO;
				DEBUG_INFORMATION_FORMAT = "dwarf-with-dsym";
				ENABLE_NS_ASSERTIONS = NO;
				ENABLE_STRICT_OBJC_MSGSEND = YES;
				GCC_C_LANGUAGE_STANDARD = gnu99;
				GCC_NO_COMMON_BLOCKS = YES;
				GCC_WARN_64_TO_32_BIT_CONVERSION = YES;
				GCC_WARN_ABOUT_RETURN_TYPE = YES_ERROR;
				GCC_WARN_UNDECLARED_SELECTOR = YES;
				GCC_WARN_UNINITIALIZED_AUTOS = YES_AGGRESSIVE;
				GCC_WARN_UNUSED_FUNCTION = YES;
				GCC_WARN_UNUSED_VARIABLE = YES;
				IPHONEOS_DEPLOYMENT_TARGET = 10.3;
				MTL_ENABLE_DEBUG_INFO = NO;
				SDKROOT = iphoneos;
				TARGETED_DEVICE_FAMILY = "1,2";
				VALIDATE_PRODUCT = YES;
			};
			name = Release;
		};
		B2A9377E1E975C9800F91C69 /* Debug */ = {
			isa = XCBuildConfiguration;
			buildSettings = {
				ASSETCATALOG_COMPILER_APPICON_NAME = AppIcon;
				DEVELOPMENT_TEAM = PJ5G3VL845;
				INFOPLIST_FILE = "NSObject-runtime/Info.plist";
				LD_RUNPATH_SEARCH_PATHS = "$(inherited) @executable_path/Frameworks";
				PRODUCT_BUNDLE_IDENTIFIER = "com.JackyLee.NSObject-runtime";
				PRODUCT_NAME = "$(TARGET_NAME)";
			};
			name = Debug;
		};
		B2A9377F1E975C9800F91C69 /* Release */ = {
			isa = XCBuildConfiguration;
			buildSettings = {
				ASSETCATALOG_COMPILER_APPICON_NAME = AppIcon;
				DEVELOPMENT_TEAM = PJ5G3VL845;
				INFOPLIST_FILE = "NSObject-runtime/Info.plist";
				LD_RUNPATH_SEARCH_PATHS = "$(inherited) @executable_path/Frameworks";
				PRODUCT_BUNDLE_IDENTIFIER = "com.JackyLee.NSObject-runtime";
				PRODUCT_NAME = "$(TARGET_NAME)";
			};
			name = Release;
		};
/* End XCBuildConfiguration section */

/* Begin XCConfigurationList section */
		B2A937611E975C9800F91C69 /* Build configuration list for PBXProject "NSObject-runtime" */ = {
			isa = XCConfigurationList;
			buildConfigurations = (
				B2A9377B1E975C9800F91C69 /* Debug */,
				B2A9377C1E975C9800F91C69 /* Release */,
			);
			defaultConfigurationIsVisible = 0;
			defaultConfigurationName = Release;
		};
		B2A9377D1E975C9800F91C69 /* Build configuration list for PBXNativeTarget "NSObject-runtime" */ = {
			isa = XCConfigurationList;
			buildConfigurations = (
				B2A9377E1E975C9800F91C69 /* Debug */,
				B2A9377F1E975C9800F91C69 /* Release */,
			);
			defaultConfigurationIsVisible = 0;
		};
/* End XCConfigurationList section */
	};
	rootObject = B2A9375E1E975C9800F91C69 /* Project object */;
}
